// !$*UTF8*$!
{
	archiveVersion = 1;
	classes = {
	};
	objectVersion = 50;
	objects = {

/* Begin PBXBuildFile section */
		BB70A1D925BE8E6500992697 /* AppDelegate.swift in Sources */ = {isa = PBXBuildFile; fileRef = BB70A1D825BE8E6500992697 /* AppDelegate.swift */; };
		BB70A1DB25BE8E6500992697 /* ViewController.swift in Sources */ = {isa = PBXBuildFile; fileRef = BB70A1DA25BE8E6500992697 /* ViewController.swift */; };
		BB70A1DD25BE8E6600992697 /* Assets.xcassets in Resources */ = {isa = PBXBuildFile; fileRef = BB70A1DC25BE8E6600992697 /* Assets.xcassets */; };
		BB70A1E025BE8E6600992697 /* Main.storyboard in Resources */ = {isa = PBXBuildFile; fileRef = BB70A1DE25BE8E6600992697 /* Main.storyboard */; };
		BB70A1EA25BE8E9200992697 /* YuruGPU.swift in Sources */ = {isa = PBXBuildFile; fileRef = BB70A1E925BE8E9200992697 /* YuruGPU.swift */; };
		BB70A1ED25BE8EA600992697 /* Matrix.swift in Sources */ = {isa = PBXBuildFile; fileRef = BB70A1EC25BE8EA600992697 /* Matrix.swift */; };
		BB70A1F025BE997D00992697 /* GPUCompute.metal in Sources */ = {isa = PBXBuildFile; fileRef = BB70A1EF25BE997D00992697 /* GPUCompute.metal */; };
		BB70A1F325BE9E4B00992697 /* YuruCalc.swift in Sources */ = {isa = PBXBuildFile; fileRef = BB70A1F225BE9E4B00992697 /* YuruCalc.swift */; };
		BB70A1F625BEA02C00992697 /* YuruNN.swift in Sources */ = {isa = PBXBuildFile; fileRef = BB70A1F525BEA02C00992697 /* YuruNN.swift */; };
/* End PBXBuildFile section */

/* Begin PBXFileReference section */
		BB70A1D525BE8E6500992697 /* NewYuruNN.app */ = {isa = PBXFileReference; explicitFileType = wrapper.application; includeInIndex = 0; path = NewYuruNN.app; sourceTree = BUILT_PRODUCTS_DIR; };
		BB70A1D825BE8E6500992697 /* AppDelegate.swift */ = {isa = PBXFileReference; lastKnownFileType = sourcecode.swift; path = AppDelegate.swift; sourceTree = "<group>"; };
		BB70A1DA25BE8E6500992697 /* ViewController.swift */ = {isa = PBXFileReference; lastKnownFileType = sourcecode.swift; path = ViewController.swift; sourceTree = "<group>"; };
		BB70A1DC25BE8E6600992697 /* Assets.xcassets */ = {isa = PBXFileReference; lastKnownFileType = folder.assetcatalog; path = Assets.xcassets; sourceTree = "<group>"; };
		BB70A1DF25BE8E6600992697 /* Base */ = {isa = PBXFileReference; lastKnownFileType = file.storyboard; name = Base; path = Base.lproj/Main.storyboard; sourceTree = "<group>"; };
		BB70A1E125BE8E6600992697 /* Info.plist */ = {isa = PBXFileReference; lastKnownFileType = text.plist.xml; path = Info.plist; sourceTree = "<group>"; };
		BB70A1E225BE8E6600992697 /* NewYuruNN.entitlements */ = {isa = PBXFileReference; lastKnownFileType = text.plist.entitlements; path = NewYuruNN.entitlements; sourceTree = "<group>"; };
		BB70A1E925BE8E9200992697 /* YuruGPU.swift */ = {isa = PBXFileReference; lastKnownFileType = sourcecode.swift; path = YuruGPU.swift; sourceTree = "<group>"; };
		BB70A1EC25BE8EA600992697 /* Matrix.swift */ = {isa = PBXFileReference; lastKnownFileType = sourcecode.swift; path = Matrix.swift; sourceTree = "<group>"; };
		BB70A1EF25BE997D00992697 /* GPUCompute.metal */ = {isa = PBXFileReference; lastKnownFileType = sourcecode.metal; path = GPUCompute.metal; sourceTree = "<group>"; };
		BB70A1F225BE9E4B00992697 /* YuruCalc.swift */ = {isa = PBXFileReference; lastKnownFileType = sourcecode.swift; path = YuruCalc.swift; sourceTree = "<group>"; };
		BB70A1F525BEA02C00992697 /* YuruNN.swift */ = {isa = PBXFileReference; lastKnownFileType = sourcecode.swift; path = YuruNN.swift; sourceTree = "<group>"; };
/* End PBXFileReference section */

/* Begin PBXFrameworksBuildPhase section */
		BB70A1D225BE8E6500992697 /* Frameworks */ = {
			isa = PBXFrameworksBuildPhase;
			buildActionMask = 2147483647;
			files = (
			);
			runOnlyForDeploymentPostprocessing = 0;
		};
/* End PBXFrameworksBuildPhase section */

/* Begin PBXGroup section */
		BB70A1CC25BE8E6500992697 = {
			isa = PBXGroup;
			children = (
				BB70A1D725BE8E6500992697 /* NewYuruNN */,
				BB70A1D625BE8E6500992697 /* Products */,
			);
			sourceTree = "<group>";
		};
		BB70A1D625BE8E6500992697 /* Products */ = {
			isa = PBXGroup;
			children = (
				BB70A1D525BE8E6500992697 /* NewYuruNN.app */,
			);
			name = Products;
			sourceTree = "<group>";
		};
		BB70A1D725BE8E6500992697 /* NewYuruNN */ = {
			isa = PBXGroup;
			children = (
				BB70A1D825BE8E6500992697 /* AppDelegate.swift */,
				BB70A1DA25BE8E6500992697 /* ViewController.swift */,
				BB70A1E925BE8E9200992697 /* YuruGPU.swift */,
				BB70A1F225BE9E4B00992697 /* YuruCalc.swift */,
				BB70A1EF25BE997D00992697 /* GPUCompute.metal */,
				BB70A1EC25BE8EA600992697 /* Matrix.swift */,
				BB70A1F525BEA02C00992697 /* YuruNN.swift */,
				BB70A1DC25BE8E6600992697 /* Assets.xcassets */,
				BB70A1DE25BE8E6600992697 /* Main.storyboard */,
				BB70A1E125BE8E6600992697 /* Info.plist */,
				BB70A1E225BE8E6600992697 /* NewYuruNN.entitlements */,
			);
			path = NewYuruNN;
			sourceTree = "<group>";
		};
/* End PBXGroup section */

/* Begin PBXNativeTarget section */
		BB70A1D425BE8E6500992697 /* NewYuruNN */ = {
			isa = PBXNativeTarget;
			buildConfigurationList = BB70A1E525BE8E6600992697 /* Build configuration list for PBXNativeTarget "NewYuruNN" */;
			buildPhases = (
				BB70A1D125BE8E6500992697 /* Sources */,
				BB70A1D225BE8E6500992697 /* Frameworks */,
				BB70A1D325BE8E6500992697 /* Resources */,
			);
			buildRules = (
			);
			dependencies = (
			);
			name = NewYuruNN;
			productName = NewYuruNN;
			productReference = BB70A1D525BE8E6500992697 /* NewYuruNN.app */;
			productType = "com.apple.product-type.application";
		};
/* End PBXNativeTarget section */

/* Begin PBXProject section */
		BB70A1CD25BE8E6500992697 /* Project object */ = {
			isa = PBXProject;
			attributes = {
				LastSwiftUpdateCheck = 1230;
				LastUpgradeCheck = 1230;
				TargetAttributes = {
					BB70A1D425BE8E6500992697 = {
						CreatedOnToolsVersion = 12.3;
					};
				};
			};
			buildConfigurationList = BB70A1D025BE8E6500992697 /* Build configuration list for PBXProject "NewYuruNN" */;
			compatibilityVersion = "Xcode 9.3";
			developmentRegion = en;
			hasScannedForEncodings = 0;
			knownRegions = (
				en,
				Base,
			);
			mainGroup = BB70A1CC25BE8E6500992697;
			productRefGroup = BB70A1D625BE8E6500992697 /* Products */;
			projectDirPath = "";
			projectRoot = "";
			targets = (
				BB70A1D425BE8E6500992697 /* NewYuruNN */,
			);
		};
/* End PBXProject section */

/* Begin PBXResourcesBuildPhase section */
		BB70A1D325BE8E6500992697 /* Resources */ = {
			isa = PBXResourcesBuildPhase;
			buildActionMask = 2147483647;
			files = (
				BB70A1DD25BE8E6600992697 /* Assets.xcassets in Resources */,
				BB70A1E025BE8E6600992697 /* Main.storyboard in Resources */,
			);
			runOnlyForDeploymentPostprocessing = 0;
		};
/* End PBXResourcesBuildPhase section */

/* Begin PBXSourcesBuildPhase section */
		BB70A1D125BE8E6500992697 /* Sources */ = {
			isa = PBXSourcesBuildPhase;
			buildActionMask = 2147483647;
			files = (
				BB70A1ED25BE8EA600992697 /* Matrix.swift in Sources */,
				BB70A1F025BE997D00992697 /* GPUCompute.metal in Sources */,
				BB70A1DB25BE8E6500992697 /* ViewController.swift in Sources */,
				BB70A1F325BE9E4B00992697 /* YuruCalc.swift in Sources */,
				BB70A1F625BEA02C00992697 /* YuruNN.swift in Sources */,
				BB70A1D925BE8E6500992697 /* AppDelegate.swift in Sources */,
				BB70A1EA25BE8E9200992697 /* YuruGPU.swift in Sources */,
			);
			runOnlyForDeploymentPostprocessing = 0;
		};
/* End PBXSourcesBuildPhase section */

/* Begin PBXVariantGroup section */
		BB70A1DE25BE8E6600992697 /* Main.storyboard */ = {
			isa = PBXVariantGroup;
			children = (
				BB70A1DF25BE8E6600992697 /* Base */,
			);
			name = Main.storyboard;
			sourceTree = "<group>";
		};
/* End PBXVariantGroup section */

/* Begin XCBuildConfiguration section */
		BB70A1E325BE8E6600992697 /* Debug */ = {
			isa = XCBuildConfiguration;
			buildSettings = {
				ALWAYS_SEARCH_USER_PATHS = NO;
				CLANG_ANALYZER_NONNULL = YES;
				CLANG_ANALYZER_NUMBER_OBJECT_CONVERSION = YES_AGGRESSIVE;
				CLANG_CXX_LANGUAGE_STANDARD = "gnu++14";
				CLANG_CXX_LIBRARY = "libc++";
				CLANG_ENABLE_MODULES = YES;
				CLANG_ENABLE_OBJC_ARC = YES;
				CLANG_ENABLE_OBJC_WEAK = YES;
				CLANG_WARN_BLOCK_CAPTURE_AUTORELEASING = YES;
				CLANG_WARN_BOOL_CONVERSION = YES;
				CLANG_WARN_COMMA = YES;
				CLANG_WARN_CONSTANT_CONVERSION = YES;
				CLANG_WARN_DEPRECATED_OBJC_IMPLEMENTATIONS = YES;
				CLANG_WARN_DIRECT_OBJC_ISA_USAGE = YES_ERROR;
				CLANG_WARN_DOCUMENTATION_COMMENTS = YES;
				CLANG_WARN_EMPTY_BODY = YES;
				CLANG_WARN_ENUM_CONVERSION = YES;
				CLANG_WARN_INFINITE_RECURSION = YES;
				CLANG_WARN_INT_CONVERSION = YES;
				CLANG_WARN_NON_LITERAL_NULL_CONVERSION = YES;
				CLANG_WARN_OBJC_IMPLICIT_RETAIN_SELF = YES;
				CLANG_WARN_OBJC_LITERAL_CONVERSION = YES;
				CLANG_WARN_OBJC_ROOT_CLASS = YES_ERROR;
				CLANG_WARN_QUOTED_INCLUDE_IN_FRAMEWORK_HEADER = YES;
				CLANG_WARN_RANGE_LOOP_ANALYSIS = YES;
				CLANG_WARN_STRICT_PROTOTYPES = YES;
				CLANG_WARN_SUSPICIOUS_MOVE = YES;
				CLANG_WARN_UNGUARDED_AVAILABILITY = YES_AGGRESSIVE;
				CLANG_WARN_UNREACHABLE_CODE = YES;
				CLANG_WARN__DUPLICATE_METHOD_MATCH = YES;
				COPY_PHASE_STRIP = NO;
				DEBUG_INFORMATION_FORMAT = dwarf;
				ENABLE_STRICT_OBJC_MSGSEND = YES;
				ENABLE_TESTABILITY = YES;
				GCC_C_LANGUAGE_STANDARD = gnu11;
				GCC_DYNAMIC_NO_PIC = NO;
				GCC_NO_COMMON_BLOCKS = YES;
				GCC_OPTIMIZATION_LEVEL = 0;
				GCC_PREPROCESSOR_DEFINITIONS = (
					"DEBUG=1",
					"$(inherited)",
				);
				GCC_WARN_64_TO_32_BIT_CONVERSION = YES;
				GCC_WARN_ABOUT_RETURN_TYPE = YES_ERROR;
				GCC_WARN_UNDECLARED_SELECTOR = YES;
				GCC_WARN_UNINITIALIZED_AUTOS = YES_AGGRESSIVE;
				GCC_WARN_UNUSED_FUNCTION = YES;
				GCC_WARN_UNUSED_VARIABLE = YES;
				MACOSX_DEPLOYMENT_TARGET = 10.15;
				MTL_ENABLE_DEBUG_INFO = INCLUDE_SOURCE;
				MTL_FAST_MATH = YES;
				ONLY_ACTIVE_ARCH = YES;
				SDKROOT = macosx;
				SWIFT_ACTIVE_COMPILATION_CONDITIONS = DEBUG;
				SWIFT_OPTIMIZATION_LEVEL = "-Onone";
			};
			name = Debug;
		};
		BB70A1E425BE8E6600992697 /* Release */ = {
			isa = XCBuildConfiguration;
			buildSettings = {
				ALWAYS_SEARCH_USER_PATHS = NO;
				CLANG_ANALYZER_NONNULL = YES;
				CLANG_ANALYZER_NUMBER_OBJECT_CONVERSION = YES_AGGRESSIVE;
				CLANG_CXX_LANGUAGE_STANDARD = "gnu++14";
				CLANG_CXX_LIBRARY = "libc++";
				CLANG_ENABLE_MODULES = YES;
				CLANG_ENABLE_OBJC_ARC = YES;
				CLANG_ENABLE_OBJC_WEAK = YES;
				CLANG_WARN_BLOCK_CAPTURE_AUTORELEASING = YES;
				CLANG_WARN_BOOL_CONVERSION = YES;
				CLANG_WARN_COMMA = YES;
				CLANG_WARN_CONSTANT_CONVERSION = YES;
				CLANG_WARN_DEPRECATED_OBJC_IMPLEMENTATIONS = YES;
				CLANG_WARN_DIRECT_OBJC_ISA_USAGE = YES_ERROR;
				CLANG_WARN_DOCUMENTATION_COMMENTS = YES;
				CLANG_WARN_EMPTY_BODY = YES;
				CLANG_WARN_ENUM_CONVERSION = YES;
				CLANG_WARN_INFINITE_RECURSION = YES;
				CLANG_WARN_INT_CONVERSION = YES;
				CLANG_WARN_NON_LITERAL_NULL_CONVERSION = YES;
				CLANG_WARN_OBJC_IMPLICIT_RETAIN_SELF = YES;
				CLANG_WARN_OBJC_LITERAL_CONVERSION = YES;
				CLANG_WARN_OBJC_ROOT_CLASS = YES_ERROR;
				CLANG_WARN_QUOTED_INCLUDE_IN_FRAMEWORK_HEADER = YES;
				CLANG_WARN_RANGE_LOOP_ANALYSIS = YES;
				CLANG_WARN_STRICT_PROTOTYPES = YES;
				CLANG_WARN_SUSPICIOUS_MOVE = YES;
				CLANG_WARN_UNGUARDED_AVAILABILITY = YES_AGGRESSIVE;
				CLANG_WARN_UNREACHABLE_CODE = YES;
				CLANG_WARN__DUPLICATE_METHOD_MATCH = YES;
				COPY_PHASE_STRIP = NO;
				DEBUG_INFORMATION_FORMAT = "dwarf-with-dsym";
				ENABLE_NS_ASSERTIONS = NO;
				ENABLE_STRICT_OBJC_MSGSEND = YES;
				GCC_C_LANGUAGE_STANDARD = gnu11;
				GCC_NO_COMMON_BLOCKS = YES;
				GCC_WARN_64_TO_32_BIT_CONVERSION = YES;
				GCC_WARN_ABOUT_RETURN_TYPE = YES_ERROR;
				GCC_WARN_UNDECLARED_SELECTOR = YES;
				GCC_WARN_UNINITIALIZED_AUTOS = YES_AGGRESSIVE;
				GCC_WARN_UNUSED_FUNCTION = YES;
				GCC_WARN_UNUSED_VARIABLE = YES;
				MACOSX_DEPLOYMENT_TARGET = 10.15;
				MTL_ENABLE_DEBUG_INFO = NO;
				MTL_FAST_MATH = YES;
				SDKROOT = macosx;
				SWIFT_COMPILATION_MODE = wholemodule;
				SWIFT_OPTIMIZATION_LEVEL = "-O";
			};
			name = Release;
		};
		BB70A1E625BE8E6600992697 /* Debug */ = {
			isa = XCBuildConfiguration;
			buildSettings = {
				ASSETCATALOG_COMPILER_APPICON_NAME = AppIcon;
				ASSETCATALOG_COMPILER_GLOBAL_ACCENT_COLOR_NAME = AccentColor;
				CODE_SIGN_ENTITLEMENTS = NewYuruNN/NewYuruNN.entitlements;
				CODE_SIGN_STYLE = Automatic;
				COMBINE_HIDPI_IMAGES = YES;
				DEVELOPMENT_TEAM = 7KBT9HS966;
				ENABLE_HARDENED_RUNTIME = YES;
				INFOPLIST_FILE = NewYuruNN/Info.plist;
				LD_RUNPATH_SEARCH_PATHS = (
					"$(inherited)",
					"@executable_path/../Frameworks",
				);
				PRODUCT_BUNDLE_IDENTIFIER = com.yukiny.NewYuruNN;
				PRODUCT_NAME = "$(TARGET_NAME)";
				SWIFT_VERSION = 5.0;
			};
			name = Debug;
		};
		BB70A1E725BE8E6600992697 /* Release */ = {
			isa = XCBuildConfiguration;
			buildSettings = {
				ASSETCATALOG_COMPILER_APPICON_NAME = AppIcon;
				ASSETCATALOG_COMPILER_GLOBAL_ACCENT_COLOR_NAME = AccentColor;
				CODE_SIGN_ENTITLEMENTS = NewYuruNN/NewYuruNN.entitlements;
				CODE_SIGN_STYLE = Automatic;
				COMBINE_HIDPI_IMAGES = YES;
				DEVELOPMENT_TEAM = 7KBT9HS966;
				ENABLE_HARDENED_RUNTIME = YES;
				INFOPLIST_FILE = NewYuruNN/Info.plist;
				LD_RUNPATH_SEARCH_PATHS = (
					"$(inherited)",
					"@executable_path/../Frameworks",
				);
				PRODUCT_BUNDLE_IDENTIFIER = com.yukiny.NewYuruNN;
				PRODUCT_NAME = "$(TARGET_NAME)";
				SWIFT_VERSION = 5.0;
			};
			name = Release;
		};
/* End XCBuildConfiguration section */

/* Begin XCConfigurationList section */
		BB70A1D025BE8E6500992697 /* Build configuration list for PBXProject "NewYuruNN" */ = {
			isa = XCConfigurationList;
			buildConfigurations = (
				BB70A1E325BE8E6600992697 /* Debug */,
				BB70A1E425BE8E6600992697 /* Release */,
			);
			defaultConfigurationIsVisible = 0;
			defaultConfigurationName = Release;
		};
		BB70A1E525BE8E6600992697 /* Build configuration list for PBXNativeTarget "NewYuruNN" */ = {
			isa = XCConfigurationList;
			buildConfigurations = (
				BB70A1E625BE8E6600992697 /* Debug */,
				BB70A1E725BE8E6600992697 /* Release */,
			);
			defaultConfigurationIsVisible = 0;
			defaultConfigurationName = Release;
		};
/* End XCConfigurationList section */
	};
	rootObject = BB70A1CD25BE8E6500992697 /* Project object */;
}
